
Microsoft Visual Studio Solution File, Format Version 12.00
# Visual Studio Version 17
VisualStudioVersion = 17.0.31903.59
MinimumVisualStudioVersion = 10.0.40219.1
Project("{FAE04EC0-301F-11D3-BF4B-00C04F79EFBC}") = "API", "API\API.csproj", "{FD529D8B-EDEA-422B-805D-86ED9E22028B}"
EndProject
Project("{FAE04EC0-301F-11D3-BF4B-00C04F79EFBC}") = "Core", "Core\Core.csproj", "{74E585A4-C99F-4F16-AA2E-CB34843AE751}"
EndProject
Project("{FAE04EC0-301F-11D3-BF4B-00C04F79EFBC}") = "Infrastructure", "Infrastructure\Infrastructure.csproj", "{7C1B5071-BE11-45D8-9DEA-46534C5C827D}"
EndProject
Global
	GlobalSection(SolutionConfigurationPlatforms) = preSolution
		Debug|Any CPU = Debug|Any CPU
		Release|Any CPU = Release|Any CPU
	EndGlobalSection
	GlobalSection(SolutionProperties) = preSolution
		HideSolutionNode = FALSE
	EndGlobalSection
	GlobalSection(ProjectConfigurationPlatforms) = postSolution
		{FD529D8B-EDEA-422B-805D-86ED9E22028B}.Debug|Any CPU.ActiveCfg = Debug|Any CPU
		{FD529D8B-EDEA-422B-805D-86ED9E22028B}.Debug|Any CPU.Build.0 = Debug|Any CPU
		{FD529D8B-EDEA-422B-805D-86ED9E22028B}.Release|Any CPU.ActiveCfg = Release|Any CPU
		{FD529D8B-EDEA-422B-805D-86ED9E22028B}.Release|Any CPU.Build.0 = Release|Any CPU
		{74E585A4-C99F-4F16-AA2E-CB34843AE751}.Debug|Any CPU.ActiveCfg = Debug|Any CPU
		{74E585A4-C99F-4F16-AA2E-CB34843AE751}.Debug|Any CPU.Build.0 = Debug|Any CPU
		{74E585A4-C99F-4F16-AA2E-CB34843AE751}.Release|Any CPU.ActiveCfg = Release|Any CPU
		{74E585A4-C99F-4F16-AA2E-CB34843AE751}.Release|Any CPU.Build.0 = Release|Any CPU
		{7C1B5071-BE11-45D8-9DEA-46534C5C827D}.Debug|Any CPU.ActiveCfg = Debug|Any CPU
		{7C1B5071-BE11-45D8-9DEA-46534C5C827D}.Debug|Any CPU.Build.0 = Debug|Any CPU
		{7C1B5071-BE11-45D8-9DEA-46534C5C827D}.Release|Any CPU.ActiveCfg = Release|Any CPU
		{7C1B5071-BE11-45D8-9DEA-46534C5C827D}.Release|Any CPU.Build.0 = Release|Any CPU
	EndGlobalSection
EndGlobal
